{
  "name": "highlight-klasa",
  "version": "1.1.0",
  "lockfileVersion": 1,
  "requires": true,
  "dependencies": {
    "async-limiter": {
      "version": "1.0.0",
      "resolved": "https://registry.npmjs.org/async-limiter/-/async-limiter-1.0.0.tgz",
      "integrity": "sha512-jp/uFnooOiO+L211eZOoSyzpOITMXx1rBITauYykG3BRYPu8h0UcxsPNB04RR5vo4Tyz3+ay17tR6JVf9qzYWg=="
    },
    "discord.js": {
      "version": "github:discordjs/discord.js#46af6e3396e94f795c7f539035a36e733139be07",
      "from": "github:discordjs/discord.js",
      "requires": {
        "pako": "^1.0.0",
        "prism-media": "^0.2.0",
        "snekfetch": "^4.0.1",
        "tweetnacl": "^1.0.0",
        "ws": "^4.0.0"
      }
    },
    "fs-nextra": {
      "version": "0.3.5",
      "resolved": "https://registry.npmjs.org/fs-nextra/-/fs-nextra-0.3.5.tgz",
      "integrity": "sha512-3H/szkxN7B88iiOU7FyFs1UGDrl2PD2MLZpsgVPkIXYY8W1Bh5W+1ZrwcNIUN71ilrwb4FdsFct7SI6avaAnMg=="
    },
    "klasa": {
      "version": "github:dirigeants/klasa#6805dd9186627d24e15af505d15fd48603d0d376",
      "from": "github:dirigeants/klasa",
      "requires": {
        "fs-nextra": "^0.3.2"
      }
    },
    "moment": {
      "version": "2.22.2",
      "resolved": "https://registry.npmjs.org/moment/-/moment-2.22.2.tgz",
      "integrity": "sha1-PCV/mDn8DpP/UxSWMiOeuQeD/2Y="
    },
    "moment-timezone": {
      "version": "0.5.17",
      "resolved": "https://registry.npmjs.org/moment-timezone/-/moment-timezone-0.5.17.tgz",
      "integrity": "sha512-Y/JpVEWIOA9Gho4vO15MTnW1FCmHi3ypprrkUaxsZ1TKg3uqC8q/qMBjTddkHoiwwZN3qvZSr4zJP7x9V3LpXA==",
      "requires": {
        "moment": ">= 2.9.0"
      }
    },
    "pako": {
      "version": "1.0.6",
      "resolved": "https://registry.npmjs.org/pako/-/pako-1.0.6.tgz",
      "integrity": "sha512-lQe48YPsMJAig+yngZ87Lus+NF+3mtu7DVOBu6b/gHO1YpKwIj5AWjZ/TOS7i46HD/UixzWb1zeWDZfGZ3iYcg=="
    },
    "prism-media": {
      "version": "0.2.1",
      "resolved": "https://registry.npmjs.org/prism-media/-/prism-media-0.2.1.tgz",
      "integrity": "sha512-Kfp1+6gzjY6X8mqKHa6D3brX+BtMUPFwzAkz4zgtVPgbkA2XxhITROdfQXVurU4fuJsylFRwqo7ciQlQCm9hAw=="
    },
    "safe-buffer": {
      "version": "5.1.2",
      "resolved": "https://registry.npmjs.org/safe-buffer/-/safe-buffer-5.1.2.tgz",
      "integrity": "sha512-Gd2UZBJDkXlY7GbJxfsE8/nvKkUEU1G38c1siN6QP6a9PT9MmHB8GnpscSmMJSoF8LOIrt8ud/wPtojys4G6+g=="
    },
    "snekfetch": {
      "version": "4.0.1",
      "resolved": "https://registry.npmjs.org/snekfetch/-/snekfetch-4.0.1.tgz",
      "integrity": "sha512-h/IBoJgWOnxRtMBQPP1fCFR319tTaeTTBcWwVSNjrMPsZ5TxHZ9i/j48hsg5SPcwVo9sOneJZ1iTXJz2EJ6VLw=="
    },
    "tweetnacl": {
      "version": "1.0.0",
      "resolved": "https://registry.npmjs.org/tweetnacl/-/tweetnacl-1.0.0.tgz",
      "integrity": "sha1-cT2LgY2kIGh0C/aDhtBHnmb8ins="
    },
    "ws": {
      "version": "4.1.0",
      "resolved": "https://registry.npmjs.org/ws/-/ws-4.1.0.tgz",
      "integrity": "sha512-ZGh/8kF9rrRNffkLFV4AzhvooEclrOH0xaugmqGsIfFgOE/pIz4fMc4Ef+5HSQqTEug2S9JZIWDR47duDSLfaA==",
      "requires": {
        "async-limiter": "~1.0.0",
        "safe-buffer": "~5.1.0"
      }
    }
  }
}
