{
  "name": "highlight-klasa",
  "version": "1.0.0",
  "lockfileVersion": 1,
  "requires": true,
  "dependencies": {
    "async-limiter": {
      "version": "1.0.0",
      "resolved": "https://registry.npmjs.org/async-limiter/-/async-limiter-1.0.0.tgz",
      "integrity": "sha512-jp/uFnooOiO+L211eZOoSyzpOITMXx1rBITauYykG3BRYPu8h0UcxsPNB04RR5vo4Tyz3+ay17tR6JVf9qzYWg=="
    },
    "discord.js": {
      "version": "github:discordjs/discord.js#630009f3cf6185f9b94ec146dd1a2f0bdf7f9acc",
      "requires": {
        "pako": "1.0.6",
        "prism-media": "0.2.0",
        "snekfetch": "3.6.4",
        "tweetnacl": "1.0.0",
        "ws": "4.1.0"
      }
    },
    "fs-nextra": {
      "version": "0.3.2",
      "resolved": "https://registry.npmjs.org/fs-nextra/-/fs-nextra-0.3.2.tgz",
      "integrity": "sha512-ktFNusOmRFt1sWPaRRS3USAb4sFlZvERdG+rZ+VDzPBciC+0K0BhFBs5vMkJZZhhUMi6/gzGAvb7UePP/DLnzA=="
    },
    "klasa": {
      "version": "github:dirigeants/klasa#b7eddcc284a37d8efdda397ab384e19ca5f3ce50",
      "requires": {
        "fs-nextra": "0.3.2"
      }
    },
    "moment": {
      "version": "2.20.1",
      "resolved": "https://registry.npmjs.org/moment/-/moment-2.20.1.tgz",
      "integrity": "sha512-Yh9y73JRljxW5QxN08Fner68eFLxM5ynNOAw2LbIB1YAGeQzZT8QFSUvkAz609Zf+IHhhaUxqZK8dG3W/+HEvg=="
    },
    "moment-timezone": {
      "version": "0.5.14",
      "resolved": "https://registry.npmjs.org/moment-timezone/-/moment-timezone-0.5.14.tgz",
      "integrity": "sha1-TrOP+VOLgBCLpGekWPPtQmjM/LE=",
      "requires": {
        "moment": "2.20.1"
      }
    },
    "pako": {
      "version": "1.0.6",
      "resolved": "https://registry.npmjs.org/pako/-/pako-1.0.6.tgz",
      "integrity": "sha512-lQe48YPsMJAig+yngZ87Lus+NF+3mtu7DVOBu6b/gHO1YpKwIj5AWjZ/TOS7i46HD/UixzWb1zeWDZfGZ3iYcg=="
    },
    "prism-media": {
      "version": "0.2.0",
      "resolved": "https://registry.npmjs.org/prism-media/-/prism-media-0.2.0.tgz",
      "integrity": "sha512-lMqWIqNQ/PYjIfCWCmw0dC2buCgyRxu6mn6NXfXLI3EDjen18XcF2C0FWf6iK60DaLFDW5xmVxFwe3moWw5GhA=="
    },
    "safe-buffer": {
      "version": "5.1.1",
      "resolved": "https://registry.npmjs.org/safe-buffer/-/safe-buffer-5.1.1.tgz",
      "integrity": "sha512-kKvNJn6Mm93gAczWVJg7wH+wGYWNrDHdWvpUmHyEsgCtIwwo3bqPtV4tR5tuPaUhTOo/kvhVwd8XwwOllGYkbg=="
    },
    "snekfetch": {
      "version": "3.6.4",
      "resolved": "https://registry.npmjs.org/snekfetch/-/snekfetch-3.6.4.tgz",
      "integrity": "sha512-NjxjITIj04Ffqid5lqr7XdgwM7X61c/Dns073Ly170bPQHLm6jkmelye/eglS++1nfTWktpP6Y2bFXjdPlQqdw=="
    },
    "tweetnacl": {
      "version": "1.0.0",
      "resolved": "https://registry.npmjs.org/tweetnacl/-/tweetnacl-1.0.0.tgz",
      "integrity": "sha1-cT2LgY2kIGh0C/aDhtBHnmb8ins="
    },
    "ws": {
      "version": "4.1.0",
      "resolved": "https://registry.npmjs.org/ws/-/ws-4.1.0.tgz",
      "integrity": "sha512-ZGh/8kF9rrRNffkLFV4AzhvooEclrOH0xaugmqGsIfFgOE/pIz4fMc4Ef+5HSQqTEug2S9JZIWDR47duDSLfaA==",
      "requires": {
        "async-limiter": "1.0.0",
        "safe-buffer": "5.1.1"
      }
    }
  }
}
